// !$*UTF8*$!
{
	archiveVersion = 1;
	classes = {
	};
	objectVersion = 50;
	objects = {

/* Begin PBXBuildFile section */
		83451A9921C8508800C418F5 /* AppDelegate.swift in Sources */ = {isa = PBXBuildFile; fileRef = 83451A9821C8508800C418F5 /* AppDelegate.swift */; };
		83451A9B21C8508800C418F5 /* ViewController.swift in Sources */ = {isa = PBXBuildFile; fileRef = 83451A9A21C8508800C418F5 /* ViewController.swift */; };
		83451A9E21C8508800C418F5 /* Main.storyboard in Resources */ = {isa = PBXBuildFile; fileRef = 83451A9C21C8508800C418F5 /* Main.storyboard */; };
		83451AA121C8508800C418F5 /* Crossword.xcdatamodeld in Sources */ = {isa = PBXBuildFile; fileRef = 83451A9F21C8508800C418F5 /* Crossword.xcdatamodeld */; };
		83451AA321C8508B00C418F5 /* Assets.xcassets in Resources */ = {isa = PBXBuildFile; fileRef = 83451AA221C8508B00C418F5 /* Assets.xcassets */; };
		83451AA621C8508B00C418F5 /* LaunchScreen.storyboard in Resources */ = {isa = PBXBuildFile; fileRef = 83451AA421C8508B00C418F5 /* LaunchScreen.storyboard */; };
		83451AAE21C8518B00C418F5 /* PuzzleViewController.swift in Sources */ = {isa = PBXBuildFile; fileRef = 83451AAD21C8518B00C418F5 /* PuzzleViewController.swift */; };
		8348051E21CC4C1F004E77BD /* Clue.swift in Sources */ = {isa = PBXBuildFile; fileRef = 8348051D21CC4C1F004E77BD /* Clue.swift */; };
		E272BC36228CB0D900229A99 /* Crossword+CoreDataClass.swift in Sources */ = {isa = PBXBuildFile; fileRef = E272BC34228CB0D900229A99 /* Crossword+CoreDataClass.swift */; };
		E272BC37228CB0D900229A99 /* Crossword+CoreDataProperties.swift in Sources */ = {isa = PBXBuildFile; fileRef = E272BC35228CB0D900229A99 /* Crossword+CoreDataProperties.swift */; };
/* End PBXBuildFile section */

/* Begin PBXFileReference section */
		83451A9521C8508800C418F5 /* Crossword.app */ = {isa = PBXFileReference; explicitFileType = wrapper.application; includeInIndex = 0; path = Crossword.app; sourceTree = BUILT_PRODUCTS_DIR; };
		83451A9821C8508800C418F5 /* AppDelegate.swift */ = {isa = PBXFileReference; lastKnownFileType = sourcecode.swift; path = AppDelegate.swift; sourceTree = "<group>"; };
		83451A9A21C8508800C418F5 /* ViewController.swift */ = {isa = PBXFileReference; lastKnownFileType = sourcecode.swift; path = ViewController.swift; sourceTree = "<group>"; };
		83451A9D21C8508800C418F5 /* Base */ = {isa = PBXFileReference; lastKnownFileType = file.storyboard; name = Base; path = Base.lproj/Main.storyboard; sourceTree = "<group>"; };
		83451AA021C8508800C418F5 /* Crossword.xcdatamodel */ = {isa = PBXFileReference; lastKnownFileType = wrapper.xcdatamodel; path = Crossword.xcdatamodel; sourceTree = "<group>"; };
		83451AA221C8508B00C418F5 /* Assets.xcassets */ = {isa = PBXFileReference; lastKnownFileType = folder.assetcatalog; path = Assets.xcassets; sourceTree = "<group>"; };
		83451AA521C8508B00C418F5 /* Base */ = {isa = PBXFileReference; lastKnownFileType = file.storyboard; name = Base; path = Base.lproj/LaunchScreen.storyboard; sourceTree = "<group>"; };
		83451AA721C8508B00C418F5 /* Info.plist */ = {isa = PBXFileReference; lastKnownFileType = text.plist.xml; path = Info.plist; sourceTree = "<group>"; };
		83451AAD21C8518B00C418F5 /* PuzzleViewController.swift */ = {isa = PBXFileReference; lastKnownFileType = sourcecode.swift; path = PuzzleViewController.swift; sourceTree = "<group>"; };
		8348051D21CC4C1F004E77BD /* Clue.swift */ = {isa = PBXFileReference; lastKnownFileType = sourcecode.swift; path = Clue.swift; sourceTree = "<group>"; };
		E272BC34228CB0D900229A99 /* Crossword+CoreDataClass.swift */ = {isa = PBXFileReference; lastKnownFileType = sourcecode.swift; path = "Crossword+CoreDataClass.swift"; sourceTree = "<group>"; };
		E272BC35228CB0D900229A99 /* Crossword+CoreDataProperties.swift */ = {isa = PBXFileReference; lastKnownFileType = sourcecode.swift; path = "Crossword+CoreDataProperties.swift"; sourceTree = "<group>"; };
/* End PBXFileReference section */

/* Begin PBXFrameworksBuildPhase section */
		83451A9221C8508800C418F5 /* Frameworks */ = {
			isa = PBXFrameworksBuildPhase;
			buildActionMask = 2147483647;
			files = (
			);
			runOnlyForDeploymentPostprocessing = 0;
		};
/* End PBXFrameworksBuildPhase section */

/* Begin PBXGroup section */
		83451A8C21C8508800C418F5 = {
			isa = PBXGroup;
			children = (
				83451A9721C8508800C418F5 /* Crossword */,
				83451A9621C8508800C418F5 /* Products */,
			);
			sourceTree = "<group>";
		};
		83451A9621C8508800C418F5 /* Products */ = {
			isa = PBXGroup;
			children = (
				83451A9521C8508800C418F5 /* Crossword.app */,
			);
			name = Products;
			sourceTree = "<group>";
		};
		83451A9721C8508800C418F5 /* Crossword */ = {
			isa = PBXGroup;
			children = (
				E272BC33228CAC8900229A99 /* Model */,
				83451A9821C8508800C418F5 /* AppDelegate.swift */,
				83451A9A21C8508800C418F5 /* ViewController.swift */,
				83451A9C21C8508800C418F5 /* Main.storyboard */,
				E272BC34228CB0D900229A99 /* Crossword+CoreDataClass.swift */,
				E272BC35228CB0D900229A99 /* Crossword+CoreDataProperties.swift */,
				83451AAD21C8518B00C418F5 /* PuzzleViewController.swift */,
				8348051D21CC4C1F004E77BD /* Clue.swift */,
				83451AA221C8508B00C418F5 /* Assets.xcassets */,
				83451AA421C8508B00C418F5 /* LaunchScreen.storyboard */,
				83451AA721C8508B00C418F5 /* Info.plist */,
				83451A9F21C8508800C418F5 /* Crossword.xcdatamodeld */,
			);
			path = Crossword;
			sourceTree = "<group>";
		};
		E272BC33228CAC8900229A99 /* Model */ = {
			isa = PBXGroup;
			children = (
			);
			path = Model;
			sourceTree = "<group>";
		};
/* End PBXGroup section */

/* Begin PBXNativeTarget section */
		83451A9421C8508800C418F5 /* Crossword */ = {
			isa = PBXNativeTarget;
			buildConfigurationList = 83451AAA21C8508B00C418F5 /* Build configuration list for PBXNativeTarget "Crossword" */;
			buildPhases = (
				83451A9121C8508800C418F5 /* Sources */,
				83451A9221C8508800C418F5 /* Frameworks */,
				83451A9321C8508800C418F5 /* Resources */,
			);
			buildRules = (
			);
			dependencies = (
			);
			name = Crossword;
			productName = Crossword;
			productReference = 83451A9521C8508800C418F5 /* Crossword.app */;
			productType = "com.apple.product-type.application";
		};
/* End PBXNativeTarget section */

/* Begin PBXProject section */
		83451A8D21C8508800C418F5 /* Project object */ = {
			isa = PBXProject;
			attributes = {
				LastSwiftUpdateCheck = 1010;
				LastUpgradeCheck = 1010;
				ORGANIZATIONNAME = "Zukosky, Jonah";
				TargetAttributes = {
					83451A9421C8508800C418F5 = {
						CreatedOnToolsVersion = 10.1;
					};
				};
			};
			buildConfigurationList = 83451A9021C8508800C418F5 /* Build configuration list for PBXProject "Crossword" */;
			compatibilityVersion = "Xcode 9.3";
			developmentRegion = en;
			hasScannedForEncodings = 0;
			knownRegions = (
				en,
				Base,
			);
			mainGroup = 83451A8C21C8508800C418F5;
			productRefGroup = 83451A9621C8508800C418F5 /* Products */;
			projectDirPath = "";
			projectRoot = "";
			targets = (
				83451A9421C8508800C418F5 /* Crossword */,
			);
		};
/* End PBXProject section */

/* Begin PBXResourcesBuildPhase section */
		83451A9321C8508800C418F5 /* Resources */ = {
			isa = PBXResourcesBuildPhase;
			buildActionMask = 2147483647;
			files = (
				83451AA621C8508B00C418F5 /* LaunchScreen.storyboard in Resources */,
				83451AA321C8508B00C418F5 /* Assets.xcassets in Resources */,
				83451A9E21C8508800C418F5 /* Main.storyboard in Resources */,
			);
			runOnlyForDeploymentPostprocessing = 0;
		};
/* End PBXResourcesBuildPhase section */

/* Begin PBXSourcesBuildPhase section */
		83451A9121C8508800C418F5 /* Sources */ = {
			isa = PBXSourcesBuildPhase;
			buildActionMask = 2147483647;
			files = (
				83451A9B21C8508800C418F5 /* ViewController.swift in Sources */,
				E272BC36228CB0D900229A99 /* Crossword+CoreDataClass.swift in Sources */,
				83451A9921C8508800C418F5 /* AppDelegate.swift in Sources */,
				E272BC37228CB0D900229A99 /* Crossword+CoreDataProperties.swift in Sources */,
				8348051E21CC4C1F004E77BD /* Clue.swift in Sources */,
				83451AAE21C8518B00C418F5 /* PuzzleViewController.swift in Sources */,
				83451AA121C8508800C418F5 /* Crossword.xcdatamodeld in Sources */,
			);
			runOnlyForDeploymentPostprocessing = 0;
		};
/* End PBXSourcesBuildPhase section */

/* Begin PBXVariantGroup section */
		83451A9C21C8508800C418F5 /* Main.storyboard */ = {
			isa = PBXVariantGroup;
			children = (
				83451A9D21C8508800C418F5 /* Base */,
			);
			name = Main.storyboard;
			sourceTree = "<group>";
		};
		83451AA421C8508B00C418F5 /* LaunchScreen.storyboard */ = {
			isa = PBXVariantGroup;
			children = (
				83451AA521C8508B00C418F5 /* Base */,
			);
			name = LaunchScreen.storyboard;
			sourceTree = "<group>";
		};
/* End PBXVariantGroup section */

/* Begin XCBuildConfiguration section */
		83451AA821C8508B00C418F5 /* Debug */ = {
			isa = XCBuildConfiguration;
			buildSettings = {
				ALWAYS_SEARCH_USER_PATHS = NO;
				CLANG_ANALYZER_NONNULL = YES;
				CLANG_ANALYZER_NUMBER_OBJECT_CONVERSION = YES_AGGRESSIVE;
				CLANG_CXX_LANGUAGE_STANDARD = "gnu++14";
				CLANG_CXX_LIBRARY = "libc++";
				CLANG_ENABLE_MODULES = YES;
				CLANG_ENABLE_OBJC_ARC = YES;
				CLANG_ENABLE_OBJC_WEAK = YES;
				CLANG_WARN_BLOCK_CAPTURE_AUTORELEASING = YES;
				CLANG_WARN_BOOL_CONVERSION = YES;
				CLANG_WARN_COMMA = YES;
				CLANG_WARN_CONSTANT_CONVERSION = YES;
				CLANG_WARN_DEPRECATED_OBJC_IMPLEMENTATIONS = YES;
				CLANG_WARN_DIRECT_OBJC_ISA_USAGE = YES_ERROR;
				CLANG_WARN_DOCUMENTATION_COMMENTS = YES;
				CLANG_WARN_EMPTY_BODY = YES;
				CLANG_WARN_ENUM_CONVERSION = YES;
				CLANG_WARN_INFINITE_RECURSION = YES;
				CLANG_WARN_INT_CONVERSION = YES;
				CLANG_WARN_NON_LITERAL_NULL_CONVERSION = YES;
				CLANG_WARN_OBJC_IMPLICIT_RETAIN_SELF = YES;
				CLANG_WARN_OBJC_LITERAL_CONVERSION = YES;
				CLANG_WARN_OBJC_ROOT_CLASS = YES_ERROR;
				CLANG_WARN_RANGE_LOOP_ANALYSIS = YES;
				CLANG_WARN_STRICT_PROTOTYPES = YES;
				CLANG_WARN_SUSPICIOUS_MOVE = YES;
				CLANG_WARN_UNGUARDED_AVAILABILITY = YES_AGGRESSIVE;
				CLANG_WARN_UNREACHABLE_CODE = YES;
				CLANG_WARN__DUPLICATE_METHOD_MATCH = YES;
				CODE_SIGN_IDENTITY = "iPhone Developer";
				COPY_PHASE_STRIP = NO;
				DEBUG_INFORMATION_FORMAT = dwarf;
				ENABLE_STRICT_OBJC_MSGSEND = YES;
				ENABLE_TESTABILITY = YES;
				GCC_C_LANGUAGE_STANDARD = gnu11;
				GCC_DYNAMIC_NO_PIC = NO;
				GCC_NO_COMMON_BLOCKS = YES;
				GCC_OPTIMIZATION_LEVEL = 0;
				GCC_PREPROCESSOR_DEFINITIONS = (
					"DEBUG=1",
					"$(inherited)",
				);
				GCC_WARN_64_TO_32_BIT_CONVERSION = YES;
				GCC_WARN_ABOUT_RETURN_TYPE = YES_ERROR;
				GCC_WARN_UNDECLARED_SELECTOR = YES;
				GCC_WARN_UNINITIALIZED_AUTOS = YES_AGGRESSIVE;
				GCC_WARN_UNUSED_FUNCTION = YES;
				GCC_WARN_UNUSED_VARIABLE = YES;
				IPHONEOS_DEPLOYMENT_TARGET = 12.1;
				MTL_ENABLE_DEBUG_INFO = INCLUDE_SOURCE;
				MTL_FAST_MATH = YES;
				ONLY_ACTIVE_ARCH = YES;
				SDKROOT = iphoneos;
				SWIFT_ACTIVE_COMPILATION_CONDITIONS = DEBUG;
				SWIFT_OPTIMIZATION_LEVEL = "-Onone";
			};
			name = Debug;
		};
		83451AA921C8508B00C418F5 /* Release */ = {
			isa = XCBuildConfiguration;
			buildSettings = {
				ALWAYS_SEARCH_USER_PATHS = NO;
				CLANG_ANALYZER_NONNULL = YES;
				CLANG_ANALYZER_NUMBER_OBJECT_CONVERSION = YES_AGGRESSIVE;
				CLANG_CXX_LANGUAGE_STANDARD = "gnu++14";
				CLANG_CXX_LIBRARY = "libc++";
				CLANG_ENABLE_MODULES = YES;
				CLANG_ENABLE_OBJC_ARC = YES;
				CLANG_ENABLE_OBJC_WEAK = YES;
				CLANG_WARN_BLOCK_CAPTURE_AUTORELEASING = YES;
				CLANG_WARN_BOOL_CONVERSION = YES;
				CLANG_WARN_COMMA = YES;
				CLANG_WARN_CONSTANT_CONVERSION = YES;
				CLANG_WARN_DEPRECATED_OBJC_IMPLEMENTATIONS = YES;
				CLANG_WARN_DIRECT_OBJC_ISA_USAGE = YES_ERROR;
				CLANG_WARN_DOCUMENTATION_COMMENTS = YES;
				CLANG_WARN_EMPTY_BODY = YES;
				CLANG_WARN_ENUM_CONVERSION = YES;
				CLANG_WARN_INFINITE_RECURSION = YES;
				CLANG_WARN_INT_CONVERSION = YES;
				CLANG_WARN_NON_LITERAL_NULL_CONVERSION = YES;
				CLANG_WARN_OBJC_IMPLICIT_RETAIN_SELF = YES;
				CLANG_WARN_OBJC_LITERAL_CONVERSION = YES;
				CLANG_WARN_OBJC_ROOT_CLASS = YES_ERROR;
				CLANG_WARN_RANGE_LOOP_ANALYSIS = YES;
				CLANG_WARN_STRICT_PROTOTYPES = YES;
				CLANG_WARN_SUSPICIOUS_MOVE = YES;
				CLANG_WARN_UNGUARDED_AVAILABILITY = YES_AGGRESSIVE;
				CLANG_WARN_UNREACHABLE_CODE = YES;
				CLANG_WARN__DUPLICATE_METHOD_MATCH = YES;
				CODE_SIGN_IDENTITY = "iPhone Developer";
				COPY_PHASE_STRIP = NO;
				DEBUG_INFORMATION_FORMAT = "dwarf-with-dsym";
				ENABLE_NS_ASSERTIONS = NO;
				ENABLE_STRICT_OBJC_MSGSEND = YES;
				GCC_C_LANGUAGE_STANDARD = gnu11;
				GCC_NO_COMMON_BLOCKS = YES;
				GCC_WARN_64_TO_32_BIT_CONVERSION = YES;
				GCC_WARN_ABOUT_RETURN_TYPE = YES_ERROR;
				GCC_WARN_UNDECLARED_SELECTOR = YES;
				GCC_WARN_UNINITIALIZED_AUTOS = YES_AGGRESSIVE;
				GCC_WARN_UNUSED_FUNCTION = YES;
				GCC_WARN_UNUSED_VARIABLE = YES;
				IPHONEOS_DEPLOYMENT_TARGET = 12.1;
				MTL_ENABLE_DEBUG_INFO = NO;
				MTL_FAST_MATH = YES;
				SDKROOT = iphoneos;
				SWIFT_COMPILATION_MODE = wholemodule;
				SWIFT_OPTIMIZATION_LEVEL = "-O";
				VALIDATE_PRODUCT = YES;
			};
			name = Release;
		};
		83451AAB21C8508B00C418F5 /* Debug */ = {
			isa = XCBuildConfiguration;
			buildSettings = {
				ASSETCATALOG_COMPILER_APPICON_NAME = AppIcon;
				CODE_SIGN_STYLE = Automatic;
				DEVELOPMENT_TEAM = 89YGS6UCLW;
				INFOPLIST_FILE = Crossword/Info.plist;
				LD_RUNPATH_SEARCH_PATHS = (
					"$(inherited)",
					"@executable_path/Frameworks",
				);
				PRODUCT_BUNDLE_IDENTIFIER = edu.missouri.Crossword;
				PRODUCT_NAME = "$(TARGET_NAME)";
				SWIFT_VERSION = 4.2;
				TARGETED_DEVICE_FAMILY = "1,2";
			};
			name = Debug;
		};
		83451AAC21C8508B00C418F5 /* Release */ = {
			isa = XCBuildConfiguration;
			buildSettings = {
				ASSETCATALOG_COMPILER_APPICON_NAME = AppIcon;
				CODE_SIGN_STYLE = Automatic;
				DEVELOPMENT_TEAM = 89YGS6UCLW;
				INFOPLIST_FILE = Crossword/Info.plist;
				LD_RUNPATH_SEARCH_PATHS = (
					"$(inherited)",
					"@executable_path/Frameworks",
				);
				PRODUCT_BUNDLE_IDENTIFIER = edu.missouri.Crossword;
				PRODUCT_NAME = "$(TARGET_NAME)";
				SWIFT_VERSION = 4.2;
				TARGETED_DEVICE_FAMILY = "1,2";
			};
			name = Release;
		};
/* End XCBuildConfiguration section */

/* Begin XCConfigurationList section */
		83451A9021C8508800C418F5 /* Build configuration list for PBXProject "Crossword" */ = {
			isa = XCConfigurationList;
			buildConfigurations = (
				83451AA821C8508B00C418F5 /* Debug */,
				83451AA921C8508B00C418F5 /* Release */,
			);
			defaultConfigurationIsVisible = 0;
			defaultConfigurationName = Release;
		};
		83451AAA21C8508B00C418F5 /* Build configuration list for PBXNativeTarget "Crossword" */ = {
			isa = XCConfigurationList;
			buildConfigurations = (
				83451AAB21C8508B00C418F5 /* Debug */,
				83451AAC21C8508B00C418F5 /* Release */,
			);
			defaultConfigurationIsVisible = 0;
			defaultConfigurationName = Release;
		};
/* End XCConfigurationList section */

/* Begin XCVersionGroup section */
		83451A9F21C8508800C418F5 /* Crossword.xcdatamodeld */ = {
			isa = XCVersionGroup;
			children = (
				83451AA021C8508800C418F5 /* Crossword.xcdatamodel */,
			);
			currentVersion = 83451AA021C8508800C418F5 /* Crossword.xcdatamodel */;
			path = Crossword.xcdatamodeld;
			sourceTree = "<group>";
			versionGroupType = wrapper.xcdatamodel;
		};
/* End XCVersionGroup section */
	};
	rootObject = 83451A8D21C8508800C418F5 /* Project object */;
}
